
Microsoft Visual Studio Solution File, Format Version 12.00
# Visual Studio Version 18
VisualStudioVersion = 18.3.11505.172 d18.3
MinimumVisualStudioVersion = 10.0.40219.1
Project("{FAE04EC0-301F-11D3-BF4B-00C04F79EFBC}") = "ETHAN", "ETHAN.csproj", "{2DFF23BE-FAED-4DE9-9A2B-A5ECD2F94B06}"
EndProject
Project("{FAE04EC0-301F-11D3-BF4B-00C04F79EFBC}") = "Maui.Controls.BottomSheet", "..\Maui.Controls.BottomSheet-main\src\Maui.Controls.BottomSheet\Maui.Controls.BottomSheet.csproj", "{123D5C72-E881-43B6-2DC7-BADB2F497C29}"
EndProject
Global
	GlobalSection(SolutionConfigurationPlatforms) = preSolution
		Debug|Any CPU = Debug|Any CPU
		Release|Any CPU = Release|Any CPU
	EndGlobalSection
	GlobalSection(ProjectConfigurationPlatforms) = postSolution
		{2DFF23BE-FAED-4DE9-9A2B-A5ECD2F94B06}.Debug|Any CPU.ActiveCfg = Debug|Any CPU
		{2DFF23BE-FAED-4DE9-9A2B-A5ECD2F94B06}.Debug|Any CPU.Build.0 = Debug|Any CPU
		{2DFF23BE-FAED-4DE9-9A2B-A5ECD2F94B06}.Debug|Any CPU.Deploy.0 = Debug|Any CPU
		{2DFF23BE-FAED-4DE9-9A2B-A5ECD2F94B06}.Release|Any CPU.ActiveCfg = Release|Any CPU
		{2DFF23BE-FAED-4DE9-9A2B-A5ECD2F94B06}.Release|Any CPU.Build.0 = Release|Any CPU
		{2DFF23BE-FAED-4DE9-9A2B-A5ECD2F94B06}.Release|Any CPU.Deploy.0 = Release|Any CPU
		{123D5C72-E881-43B6-2DC7-BADB2F497C29}.Debug|Any CPU.ActiveCfg = Debug|Any CPU
		{123D5C72-E881-43B6-2DC7-BADB2F497C29}.Debug|Any CPU.Build.0 = Debug|Any CPU
		{123D5C72-E881-43B6-2DC7-BADB2F497C29}.Release|Any CPU.ActiveCfg = Release|Any CPU
		{123D5C72-E881-43B6-2DC7-BADB2F497C29}.Release|Any CPU.Build.0 = Release|Any CPU
	EndGlobalSection
	GlobalSection(SolutionProperties) = preSolution
		HideSolutionNode = FALSE
	EndGlobalSection
	GlobalSection(ExtensibilityGlobals) = postSolution
		SolutionGuid = {6C48E335-2D97-4433-97F1-A8DA77ED77E2}
	EndGlobalSection
EndGlobal
